
Microsoft Visual Studio Solution File, Format Version 12.00
# Visual Studio Version 16
VisualStudioVersion = 16.0.32228.343
MinimumVisualStudioVersion = 10.0.40219.1
Project("{FAE04EC0-301F-11D3-BF4B-00C04F79EFBC}") = "viewbeg_viewdata_tempdata_session", "viewbeg_viewdata_tempdata_session\viewbeg_viewdata_tempdata_session.csproj", "{9DCEAEB2-7953-4E5C-BC79-9E8A640510FE}"
EndProject
Global
	GlobalSection(SolutionConfigurationPlatforms) = preSolution
		Debug|Any CPU = Debug|Any CPU
		Release|Any CPU = Release|Any CPU
	EndGlobalSection
	GlobalSection(ProjectConfigurationPlatforms) = postSolution
		{9DCEAEB2-7953-4E5C-BC79-9E8A640510FE}.Debug|Any CPU.ActiveCfg = Debug|Any CPU
		{9DCEAEB2-7953-4E5C-BC79-9E8A640510FE}.Debug|Any CPU.Build.0 = Debug|Any CPU
		{9DCEAEB2-7953-4E5C-BC79-9E8A640510FE}.Release|Any CPU.ActiveCfg = Release|Any CPU
		{9DCEAEB2-7953-4E5C-BC79-9E8A640510FE}.Release|Any CPU.Build.0 = Release|Any CPU
	EndGlobalSection
	GlobalSection(SolutionProperties) = preSolution
		HideSolutionNode = FALSE
	EndGlobalSection
	GlobalSection(ExtensibilityGlobals) = postSolution
		SolutionGuid = {6039D003-1D03-459B-9376-E3FD833B22CB}
	EndGlobalSection
EndGlobal
